
Microsoft Visual Studio Solution File, Format Version 12.00
# Visual Studio Version 16
VisualStudioVersion = 16.0.31624.102
MinimumVisualStudioVersion = 10.0.40219.1
Project("{FAE04EC0-301F-11D3-BF4B-00C04F79EFBC}") = "NetChat", "NetChat\NetChat.csproj", "{0D00B526-48E0-4BA2-AEC8-573DEEC4537A}"
EndProject
Project("{2150E333-8FDC-42A3-9474-1A3956D46DE8}") = "Solution Items", "Solution Items", "{BE50A93A-68DA-4C73-89B7-E083EB905857}"
	ProjectSection(SolutionItems) = preProject
		.editorconfig = .editorconfig
	EndProjectSection
EndProject
Project("{FAE04EC0-301F-11D3-BF4B-00C04F79EFBC}") = "NetChatService", "NetChatService\NetChatService.csproj", "{9B92BBF5-9B4D-4403-93B7-FD1BD52874E0}"
EndProject
Project("{FAE04EC0-301F-11D3-BF4B-00C04F79EFBC}") = "Host", "Host\Host.csproj", "{E0F4098A-4D16-4BA0-BA57-AF5F7CECE087}"
EndProject
Global
	GlobalSection(SolutionConfigurationPlatforms) = preSolution
		Debug|Any CPU = Debug|Any CPU
		Release|Any CPU = Release|Any CPU
	EndGlobalSection
	GlobalSection(ProjectConfigurationPlatforms) = postSolution
		{0D00B526-48E0-4BA2-AEC8-573DEEC4537A}.Debug|Any CPU.ActiveCfg = Debug|Any CPU
		{0D00B526-48E0-4BA2-AEC8-573DEEC4537A}.Debug|Any CPU.Build.0 = Debug|Any CPU
		{0D00B526-48E0-4BA2-AEC8-573DEEC4537A}.Release|Any CPU.ActiveCfg = Release|Any CPU
		{0D00B526-48E0-4BA2-AEC8-573DEEC4537A}.Release|Any CPU.Build.0 = Release|Any CPU
		{9B92BBF5-9B4D-4403-93B7-FD1BD52874E0}.Debug|Any CPU.ActiveCfg = Debug|Any CPU
		{9B92BBF5-9B4D-4403-93B7-FD1BD52874E0}.Debug|Any CPU.Build.0 = Debug|Any CPU
		{9B92BBF5-9B4D-4403-93B7-FD1BD52874E0}.Release|Any CPU.ActiveCfg = Release|Any CPU
		{9B92BBF5-9B4D-4403-93B7-FD1BD52874E0}.Release|Any CPU.Build.0 = Release|Any CPU
		{E0F4098A-4D16-4BA0-BA57-AF5F7CECE087}.Debug|Any CPU.ActiveCfg = Debug|Any CPU
		{E0F4098A-4D16-4BA0-BA57-AF5F7CECE087}.Debug|Any CPU.Build.0 = Debug|Any CPU
		{E0F4098A-4D16-4BA0-BA57-AF5F7CECE087}.Release|Any CPU.ActiveCfg = Release|Any CPU
		{E0F4098A-4D16-4BA0-BA57-AF5F7CECE087}.Release|Any CPU.Build.0 = Release|Any CPU
	EndGlobalSection
	GlobalSection(SolutionProperties) = preSolution
		HideSolutionNode = FALSE
	EndGlobalSection
	GlobalSection(ExtensibilityGlobals) = postSolution
		SolutionGuid = {B1F94DBC-03C1-4D49-8AAF-F738A54AF334}
	EndGlobalSection
EndGlobal
